// !$*UTF8*$!
{
	archiveVersion = 1;
	classes = {
	};
	objectVersion = 50;
	objects = {

/* Begin PBXBuildFile section */
		6A25BCBD2146BD9F0048BAE5 /* Game.swift in Sources */ = {isa = PBXBuildFile; fileRef = 6A25BCBC2146BD9F0048BAE5 /* Game.swift */; };
		6A48186121468ACE00BA5DE5 /* Board.swift in Sources */ = {isa = PBXBuildFile; fileRef = 6A48186021468ACE00BA5DE5 /* Board.swift */; };
		6A6B188B2147BE97004E5784 /* NaughtAndCrossesTests.swift in Sources */ = {isa = PBXBuildFile; fileRef = 6A6B188A2147BE97004E5784 /* NaughtAndCrossesTests.swift */; };
		6A9F136B213BFAC600F9AEE4 /* AppDelegate.swift in Sources */ = {isa = PBXBuildFile; fileRef = 6A9F136A213BFAC600F9AEE4 /* AppDelegate.swift */; };
		6A9F136D213BFAC600F9AEE4 /* ViewController.swift in Sources */ = {isa = PBXBuildFile; fileRef = 6A9F136C213BFAC600F9AEE4 /* ViewController.swift */; };
		6A9F1370213BFAC600F9AEE4 /* Main.storyboard in Resources */ = {isa = PBXBuildFile; fileRef = 6A9F136E213BFAC600F9AEE4 /* Main.storyboard */; };
		6A9F1372213BFAC700F9AEE4 /* Assets.xcassets in Resources */ = {isa = PBXBuildFile; fileRef = 6A9F1371213BFAC700F9AEE4 /* Assets.xcassets */; };
		6A9F1375213BFAC700F9AEE4 /* LaunchScreen.storyboard in Resources */ = {isa = PBXBuildFile; fileRef = 6A9F1373213BFAC700F9AEE4 /* LaunchScreen.storyboard */; };
/* End PBXBuildFile section */

/* Begin PBXContainerItemProxy section */
		6A6B188D2147BE97004E5784 /* PBXContainerItemProxy */ = {
			isa = PBXContainerItemProxy;
			containerPortal = 6A9F135F213BFAC600F9AEE4 /* Project object */;
			proxyType = 1;
			remoteGlobalIDString = 6A9F1366213BFAC600F9AEE4;
			remoteInfo = NaughtAndCrosses;
		};
/* End PBXContainerItemProxy section */

/* Begin PBXFileReference section */
		6A25BCBC2146BD9F0048BAE5 /* Game.swift */ = {isa = PBXFileReference; lastKnownFileType = sourcecode.swift; path = Game.swift; sourceTree = "<group>"; };
		6A48186021468ACE00BA5DE5 /* Board.swift */ = {isa = PBXFileReference; lastKnownFileType = sourcecode.swift; path = Board.swift; sourceTree = "<group>"; };
		6A6B18882147BE97004E5784 /* NaughtAndCrossesTests.xctest */ = {isa = PBXFileReference; explicitFileType = wrapper.cfbundle; includeInIndex = 0; path = NaughtAndCrossesTests.xctest; sourceTree = BUILT_PRODUCTS_DIR; };
		6A6B188A2147BE97004E5784 /* NaughtAndCrossesTests.swift */ = {isa = PBXFileReference; lastKnownFileType = sourcecode.swift; path = NaughtAndCrossesTests.swift; sourceTree = "<group>"; };
		6A6B188C2147BE97004E5784 /* Info.plist */ = {isa = PBXFileReference; lastKnownFileType = text.plist.xml; path = Info.plist; sourceTree = "<group>"; };
		6A9F1367213BFAC600F9AEE4 /* NaughtAndCrosses.app */ = {isa = PBXFileReference; explicitFileType = wrapper.application; includeInIndex = 0; path = NaughtAndCrosses.app; sourceTree = BUILT_PRODUCTS_DIR; };
		6A9F136A213BFAC600F9AEE4 /* AppDelegate.swift */ = {isa = PBXFileReference; lastKnownFileType = sourcecode.swift; path = AppDelegate.swift; sourceTree = "<group>"; };
		6A9F136C213BFAC600F9AEE4 /* ViewController.swift */ = {isa = PBXFileReference; lastKnownFileType = sourcecode.swift; path = ViewController.swift; sourceTree = "<group>"; };
		6A9F136F213BFAC600F9AEE4 /* Base */ = {isa = PBXFileReference; lastKnownFileType = file.storyboard; name = Base; path = Base.lproj/Main.storyboard; sourceTree = "<group>"; };
		6A9F1371213BFAC700F9AEE4 /* Assets.xcassets */ = {isa = PBXFileReference; lastKnownFileType = folder.assetcatalog; path = Assets.xcassets; sourceTree = "<group>"; };
		6A9F1374213BFAC700F9AEE4 /* Base */ = {isa = PBXFileReference; lastKnownFileType = file.storyboard; name = Base; path = Base.lproj/LaunchScreen.storyboard; sourceTree = "<group>"; };
		6A9F1376213BFAC700F9AEE4 /* Info.plist */ = {isa = PBXFileReference; lastKnownFileType = text.plist.xml; path = Info.plist; sourceTree = "<group>"; };
/* End PBXFileReference section */

/* Begin PBXFrameworksBuildPhase section */
		6A6B18852147BE97004E5784 /* Frameworks */ = {
			isa = PBXFrameworksBuildPhase;
			buildActionMask = 2147483647;
			files = (
			);
			runOnlyForDeploymentPostprocessing = 0;
		};
		6A9F1364213BFAC600F9AEE4 /* Frameworks */ = {
			isa = PBXFrameworksBuildPhase;
			buildActionMask = 2147483647;
			files = (
			);
			runOnlyForDeploymentPostprocessing = 0;
		};
/* End PBXFrameworksBuildPhase section */

/* Begin PBXGroup section */
		6A25BCBE2146BDA90048BAE5 /* Models */ = {
			isa = PBXGroup;
			children = (
				6A25BCBC2146BD9F0048BAE5 /* Game.swift */,
				6A48186021468ACE00BA5DE5 /* Board.swift */,
			);
			name = Models;
			path = "New Group";
			sourceTree = "<group>";
		};
		6A6B18892147BE97004E5784 /* NaughtAndCrossesTests */ = {
			isa = PBXGroup;
			children = (
				6A6B188A2147BE97004E5784 /* NaughtAndCrossesTests.swift */,
				6A6B188C2147BE97004E5784 /* Info.plist */,
			);
			path = NaughtAndCrossesTests;
			sourceTree = "<group>";
		};
		6A9F135E213BFAC600F9AEE4 = {
			isa = PBXGroup;
			children = (
				6A9F1369213BFAC600F9AEE4 /* NaughtAndCrosses */,
				6A6B18892147BE97004E5784 /* NaughtAndCrossesTests */,
				6A9F1368213BFAC600F9AEE4 /* Products */,
			);
			sourceTree = "<group>";
		};
		6A9F1368213BFAC600F9AEE4 /* Products */ = {
			isa = PBXGroup;
			children = (
				6A9F1367213BFAC600F9AEE4 /* NaughtAndCrosses.app */,
				6A6B18882147BE97004E5784 /* NaughtAndCrossesTests.xctest */,
			);
			name = Products;
			sourceTree = "<group>";
		};
		6A9F1369213BFAC600F9AEE4 /* NaughtAndCrosses */ = {
			isa = PBXGroup;
			children = (
				6A25BCBE2146BDA90048BAE5 /* Models */,
				6A9F136A213BFAC600F9AEE4 /* AppDelegate.swift */,
				6A9F136C213BFAC600F9AEE4 /* ViewController.swift */,
				6A9F136E213BFAC600F9AEE4 /* Main.storyboard */,
				6A9F1371213BFAC700F9AEE4 /* Assets.xcassets */,
				6A9F1373213BFAC700F9AEE4 /* LaunchScreen.storyboard */,
				6A9F1376213BFAC700F9AEE4 /* Info.plist */,
			);
			path = NaughtAndCrosses;
			sourceTree = "<group>";
		};
/* End PBXGroup section */

/* Begin PBXNativeTarget section */
		6A6B18872147BE97004E5784 /* NaughtAndCrossesTests */ = {
			isa = PBXNativeTarget;
			buildConfigurationList = 6A6B18912147BE97004E5784 /* Build configuration list for PBXNativeTarget "NaughtAndCrossesTests" */;
			buildPhases = (
				6A6B18842147BE97004E5784 /* Sources */,
				6A6B18852147BE97004E5784 /* Frameworks */,
				6A6B18862147BE97004E5784 /* Resources */,
			);
			buildRules = (
			);
			dependencies = (
				6A6B188E2147BE97004E5784 /* PBXTargetDependency */,
			);
			name = NaughtAndCrossesTests;
			productName = NaughtAndCrossesTests;
			productReference = 6A6B18882147BE97004E5784 /* NaughtAndCrossesTests.xctest */;
			productType = "com.apple.product-type.bundle.unit-test";
		};
		6A9F1366213BFAC600F9AEE4 /* NaughtAndCrosses */ = {
			isa = PBXNativeTarget;
			buildConfigurationList = 6A9F1379213BFAC700F9AEE4 /* Build configuration list for PBXNativeTarget "NaughtAndCrosses" */;
			buildPhases = (
				6A9F1363213BFAC600F9AEE4 /* Sources */,
				6A9F1364213BFAC600F9AEE4 /* Frameworks */,
				6A9F1365213BFAC600F9AEE4 /* Resources */,
			);
			buildRules = (
			);
			dependencies = (
			);
			name = NaughtAndCrosses;
			productName = NaughtAndCrosses;
			productReference = 6A9F1367213BFAC600F9AEE4 /* NaughtAndCrosses.app */;
			productType = "com.apple.product-type.application";
		};
/* End PBXNativeTarget section */

/* Begin PBXProject section */
		6A9F135F213BFAC600F9AEE4 /* Project object */ = {
			isa = PBXProject;
			attributes = {
				LastSwiftUpdateCheck = 0940;
				LastUpgradeCheck = 0940;
				ORGANIZATIONNAME = "Emily Peregrine";
				TargetAttributes = {
					6A6B18872147BE97004E5784 = {
						CreatedOnToolsVersion = 9.4.1;
						TestTargetID = 6A9F1366213BFAC600F9AEE4;
					};
					6A9F1366213BFAC600F9AEE4 = {
						CreatedOnToolsVersion = 9.4.1;
					};
				};
			};
			buildConfigurationList = 6A9F1362213BFAC600F9AEE4 /* Build configuration list for PBXProject "NaughtAndCrosses" */;
			compatibilityVersion = "Xcode 9.3";
			developmentRegion = en;
			hasScannedForEncodings = 0;
			knownRegions = (
				en,
				Base,
			);
			mainGroup = 6A9F135E213BFAC600F9AEE4;
			productRefGroup = 6A9F1368213BFAC600F9AEE4 /* Products */;
			projectDirPath = "";
			projectRoot = "";
			targets = (
				6A9F1366213BFAC600F9AEE4 /* NaughtAndCrosses */,
				6A6B18872147BE97004E5784 /* NaughtAndCrossesTests */,
			);
		};
/* End PBXProject section */

/* Begin PBXResourcesBuildPhase section */
		6A6B18862147BE97004E5784 /* Resources */ = {
			isa = PBXResourcesBuildPhase;
			buildActionMask = 2147483647;
			files = (
			);
			runOnlyForDeploymentPostprocessing = 0;
		};
		6A9F1365213BFAC600F9AEE4 /* Resources */ = {
			isa = PBXResourcesBuildPhase;
			buildActionMask = 2147483647;
			files = (
				6A9F1375213BFAC700F9AEE4 /* LaunchScreen.storyboard in Resources */,
				6A9F1372213BFAC700F9AEE4 /* Assets.xcassets in Resources */,
				6A9F1370213BFAC600F9AEE4 /* Main.storyboard in Resources */,
			);
			runOnlyForDeploymentPostprocessing = 0;
		};
/* End PBXResourcesBuildPhase section */

/* Begin PBXSourcesBuildPhase section */
		6A6B18842147BE97004E5784 /* Sources */ = {
			isa = PBXSourcesBuildPhase;
			buildActionMask = 2147483647;
			files = (
				6A6B188B2147BE97004E5784 /* NaughtAndCrossesTests.swift in Sources */,
			);
			runOnlyForDeploymentPostprocessing = 0;
		};
		6A9F1363213BFAC600F9AEE4 /* Sources */ = {
			isa = PBXSourcesBuildPhase;
			buildActionMask = 2147483647;
			files = (
				6A9F136D213BFAC600F9AEE4 /* ViewController.swift in Sources */,
				6A9F136B213BFAC600F9AEE4 /* AppDelegate.swift in Sources */,
				6A48186121468ACE00BA5DE5 /* Board.swift in Sources */,
				6A25BCBD2146BD9F0048BAE5 /* Game.swift in Sources */,
			);
			runOnlyForDeploymentPostprocessing = 0;
		};
/* End PBXSourcesBuildPhase section */

/* Begin PBXTargetDependency section */
		6A6B188E2147BE97004E5784 /* PBXTargetDependency */ = {
			isa = PBXTargetDependency;
			target = 6A9F1366213BFAC600F9AEE4 /* NaughtAndCrosses */;
			targetProxy = 6A6B188D2147BE97004E5784 /* PBXContainerItemProxy */;
		};
/* End PBXTargetDependency section */

/* Begin PBXVariantGroup section */
		6A9F136E213BFAC600F9AEE4 /* Main.storyboard */ = {
			isa = PBXVariantGroup;
			children = (
				6A9F136F213BFAC600F9AEE4 /* Base */,
			);
			name = Main.storyboard;
			sourceTree = "<group>";
		};
		6A9F1373213BFAC700F9AEE4 /* LaunchScreen.storyboard */ = {
			isa = PBXVariantGroup;
			children = (
				6A9F1374213BFAC700F9AEE4 /* Base */,
			);
			name = LaunchScreen.storyboard;
			sourceTree = "<group>";
		};
/* End PBXVariantGroup section */

/* Begin XCBuildConfiguration section */
		6A6B188F2147BE97004E5784 /* Debug */ = {
			isa = XCBuildConfiguration;
			buildSettings = {
				BUNDLE_LOADER = "$(TEST_HOST)";
				CODE_SIGN_STYLE = Automatic;
				DEVELOPMENT_TEAM = SHMMFJ7N9P;
				INFOPLIST_FILE = NaughtAndCrossesTests/Info.plist;
				LD_RUNPATH_SEARCH_PATHS = (
					"$(inherited)",
					"@executable_path/Frameworks",
					"@loader_path/Frameworks",
				);
				PRODUCT_BUNDLE_IDENTIFIER = com.emilyperegrine.NaughtAndCrossesTests;
				PRODUCT_NAME = "$(TARGET_NAME)";
				SWIFT_VERSION = 4.0;
				TARGETED_DEVICE_FAMILY = "1,2";
				TEST_HOST = "$(BUILT_PRODUCTS_DIR)/NaughtAndCrosses.app/NaughtAndCrosses";
			};
			name = Debug;
		};
		6A6B18902147BE97004E5784 /* Release */ = {
			isa = XCBuildConfiguration;
			buildSettings = {
				BUNDLE_LOADER = "$(TEST_HOST)";
				CODE_SIGN_STYLE = Automatic;
				DEVELOPMENT_TEAM = SHMMFJ7N9P;
				INFOPLIST_FILE = NaughtAndCrossesTests/Info.plist;
				LD_RUNPATH_SEARCH_PATHS = (
					"$(inherited)",
					"@executable_path/Frameworks",
					"@loader_path/Frameworks",
				);
				PRODUCT_BUNDLE_IDENTIFIER = com.emilyperegrine.NaughtAndCrossesTests;
				PRODUCT_NAME = "$(TARGET_NAME)";
				SWIFT_VERSION = 4.0;
				TARGETED_DEVICE_FAMILY = "1,2";
				TEST_HOST = "$(BUILT_PRODUCTS_DIR)/NaughtAndCrosses.app/NaughtAndCrosses";
			};
			name = Release;
		};
		6A9F1377213BFAC700F9AEE4 /* Debug */ = {
			isa = XCBuildConfiguration;
			buildSettings = {
				ALWAYS_SEARCH_USER_PATHS = NO;
				CLANG_ANALYZER_NONNULL = YES;
				CLANG_ANALYZER_NUMBER_OBJECT_CONVERSION = YES_AGGRESSIVE;
				CLANG_CXX_LANGUAGE_STANDARD = "gnu++14";
				CLANG_CXX_LIBRARY = "libc++";
				CLANG_ENABLE_MODULES = YES;
				CLANG_ENABLE_OBJC_ARC = YES;
				CLANG_ENABLE_OBJC_WEAK = YES;
				CLANG_WARN_BLOCK_CAPTURE_AUTORELEASING = YES;
				CLANG_WARN_BOOL_CONVERSION = YES;
				CLANG_WARN_COMMA = YES;
				CLANG_WARN_CONSTANT_CONVERSION = YES;
				CLANG_WARN_DEPRECATED_OBJC_IMPLEMENTATIONS = YES;
				CLANG_WARN_DIRECT_OBJC_ISA_USAGE = YES_ERROR;
				CLANG_WARN_DOCUMENTATION_COMMENTS = YES;
				CLANG_WARN_EMPTY_BODY = YES;
				CLANG_WARN_ENUM_CONVERSION = YES;
				CLANG_WARN_INFINITE_RECURSION = YES;
				CLANG_WARN_INT_CONVERSION = YES;
				CLANG_WARN_NON_LITERAL_NULL_CONVERSION = YES;
				CLANG_WARN_OBJC_IMPLICIT_RETAIN_SELF = YES;
				CLANG_WARN_OBJC_LITERAL_CONVERSION = YES;
				CLANG_WARN_OBJC_ROOT_CLASS = YES_ERROR;
				CLANG_WARN_RANGE_LOOP_ANALYSIS = YES;
				CLANG_WARN_STRICT_PROTOTYPES = YES;
				CLANG_WARN_SUSPICIOUS_MOVE = YES;
				CLANG_WARN_UNGUARDED_AVAILABILITY = YES_AGGRESSIVE;
				CLANG_WARN_UNREACHABLE_CODE = YES;
				CLANG_WARN__DUPLICATE_METHOD_MATCH = YES;
				CODE_SIGN_IDENTITY = "iPhone Developer";
				COPY_PHASE_STRIP = NO;
				DEBUG_INFORMATION_FORMAT = dwarf;
				ENABLE_STRICT_OBJC_MSGSEND = YES;
				ENABLE_TESTABILITY = YES;
				GCC_C_LANGUAGE_STANDARD = gnu11;
				GCC_DYNAMIC_NO_PIC = NO;
				GCC_NO_COMMON_BLOCKS = YES;
				GCC_OPTIMIZATION_LEVEL = 0;
				GCC_PREPROCESSOR_DEFINITIONS = (
					"DEBUG=1",
					"$(inherited)",
				);
				GCC_WARN_64_TO_32_BIT_CONVERSION = YES;
				GCC_WARN_ABOUT_RETURN_TYPE = YES_ERROR;
				GCC_WARN_UNDECLARED_SELECTOR = YES;
				GCC_WARN_UNINITIALIZED_AUTOS = YES_AGGRESSIVE;
				GCC_WARN_UNUSED_FUNCTION = YES;
				GCC_WARN_UNUSED_VARIABLE = YES;
				IPHONEOS_DEPLOYMENT_TARGET = 11.4;
				MTL_ENABLE_DEBUG_INFO = YES;
				ONLY_ACTIVE_ARCH = YES;
				SDKROOT = iphoneos;
				SWIFT_ACTIVE_COMPILATION_CONDITIONS = DEBUG;
				SWIFT_OPTIMIZATION_LEVEL = "-Onone";
			};
			name = Debug;
		};
		6A9F1378213BFAC700F9AEE4 /* Release */ = {
			isa = XCBuildConfiguration;
			buildSettings = {
				ALWAYS_SEARCH_USER_PATHS = NO;
				CLANG_ANALYZER_NONNULL = YES;
				CLANG_ANALYZER_NUMBER_OBJECT_CONVERSION = YES_AGGRESSIVE;
				CLANG_CXX_LANGUAGE_STANDARD = "gnu++14";
				CLANG_CXX_LIBRARY = "libc++";
				CLANG_ENABLE_MODULES = YES;
				CLANG_ENABLE_OBJC_ARC = YES;
				CLANG_ENABLE_OBJC_WEAK = YES;
				CLANG_WARN_BLOCK_CAPTURE_AUTORELEASING = YES;
				CLANG_WARN_BOOL_CONVERSION = YES;
				CLANG_WARN_COMMA = YES;
				CLANG_WARN_CONSTANT_CONVERSION = YES;
				CLANG_WARN_DEPRECATED_OBJC_IMPLEMENTATIONS = YES;
				CLANG_WARN_DIRECT_OBJC_ISA_USAGE = YES_ERROR;
				CLANG_WARN_DOCUMENTATION_COMMENTS = YES;
				CLANG_WARN_EMPTY_BODY = YES;
				CLANG_WARN_ENUM_CONVERSION = YES;
				CLANG_WARN_INFINITE_RECURSION = YES;
				CLANG_WARN_INT_CONVERSION = YES;
				CLANG_WARN_NON_LITERAL_NULL_CONVERSION = YES;
				CLANG_WARN_OBJC_IMPLICIT_RETAIN_SELF = YES;
				CLANG_WARN_OBJC_LITERAL_CONVERSION = YES;
				CLANG_WARN_OBJC_ROOT_CLASS = YES_ERROR;
				CLANG_WARN_RANGE_LOOP_ANALYSIS = YES;
				CLANG_WARN_STRICT_PROTOTYPES = YES;
				CLANG_WARN_SUSPICIOUS_MOVE = YES;
				CLANG_WARN_UNGUARDED_AVAILABILITY = YES_AGGRESSIVE;
				CLANG_WARN_UNREACHABLE_CODE = YES;
				CLANG_WARN__DUPLICATE_METHOD_MATCH = YES;
				CODE_SIGN_IDENTITY = "iPhone Developer";
				COPY_PHASE_STRIP = NO;
				DEBUG_INFORMATION_FORMAT = "dwarf-with-dsym";
				ENABLE_NS_ASSERTIONS = NO;
				ENABLE_STRICT_OBJC_MSGSEND = YES;
				GCC_C_LANGUAGE_STANDARD = gnu11;
				GCC_NO_COMMON_BLOCKS = YES;
				GCC_WARN_64_TO_32_BIT_CONVERSION = YES;
				GCC_WARN_ABOUT_RETURN_TYPE = YES_ERROR;
				GCC_WARN_UNDECLARED_SELECTOR = YES;
				GCC_WARN_UNINITIALIZED_AUTOS = YES_AGGRESSIVE;
				GCC_WARN_UNUSED_FUNCTION = YES;
				GCC_WARN_UNUSED_VARIABLE = YES;
				IPHONEOS_DEPLOYMENT_TARGET = 11.4;
				MTL_ENABLE_DEBUG_INFO = NO;
				SDKROOT = iphoneos;
				SWIFT_COMPILATION_MODE = wholemodule;
				SWIFT_OPTIMIZATION_LEVEL = "-O";
				VALIDATE_PRODUCT = YES;
			};
			name = Release;
		};
		6A9F137A213BFAC700F9AEE4 /* Debug */ = {
			isa = XCBuildConfiguration;
			buildSettings = {
				ASSETCATALOG_COMPILER_APPICON_NAME = AppIcon;
				CODE_SIGN_STYLE = Automatic;
				DEVELOPMENT_TEAM = V44VEL7NMF;
				INFOPLIST_FILE = NaughtAndCrosses/Info.plist;
				LD_RUNPATH_SEARCH_PATHS = (
					"$(inherited)",
					"@executable_path/Frameworks",
				);
				PRODUCT_BUNDLE_IDENTIFIER = com.emilyperegrine.NaughtAndCrosses;
				PRODUCT_NAME = "$(TARGET_NAME)";
				SWIFT_VERSION = 4.0;
				TARGETED_DEVICE_FAMILY = "1,2";
			};
			name = Debug;
		};
		6A9F137B213BFAC700F9AEE4 /* Release */ = {
			isa = XCBuildConfiguration;
			buildSettings = {
				ASSETCATALOG_COMPILER_APPICON_NAME = AppIcon;
				CODE_SIGN_STYLE = Automatic;
				DEVELOPMENT_TEAM = V44VEL7NMF;
				INFOPLIST_FILE = NaughtAndCrosses/Info.plist;
				LD_RUNPATH_SEARCH_PATHS = (
					"$(inherited)",
					"@executable_path/Frameworks",
				);
				PRODUCT_BUNDLE_IDENTIFIER = com.emilyperegrine.NaughtAndCrosses;
				PRODUCT_NAME = "$(TARGET_NAME)";
				SWIFT_VERSION = 4.0;
				TARGETED_DEVICE_FAMILY = "1,2";
			};
			name = Release;
		};
/* End XCBuildConfiguration section */

/* Begin XCConfigurationList section */
		6A6B18912147BE97004E5784 /* Build configuration list for PBXNativeTarget "NaughtAndCrossesTests" */ = {
			isa = XCConfigurationList;
			buildConfigurations = (
				6A6B188F2147BE97004E5784 /* Debug */,
				6A6B18902147BE97004E5784 /* Release */,
			);
			defaultConfigurationIsVisible = 0;
			defaultConfigurationName = Release;
		};
		6A9F1362213BFAC600F9AEE4 /* Build configuration list for PBXProject "NaughtAndCrosses" */ = {
			isa = XCConfigurationList;
			buildConfigurations = (
				6A9F1377213BFAC700F9AEE4 /* Debug */,
				6A9F1378213BFAC700F9AEE4 /* Release */,
			);
			defaultConfigurationIsVisible = 0;
			defaultConfigurationName = Release;
		};
		6A9F1379213BFAC700F9AEE4 /* Build configuration list for PBXNativeTarget "NaughtAndCrosses" */ = {
			isa = XCConfigurationList;
			buildConfigurations = (
				6A9F137A213BFAC700F9AEE4 /* Debug */,
				6A9F137B213BFAC700F9AEE4 /* Release */,
			);
			defaultConfigurationIsVisible = 0;
			defaultConfigurationName = Release;
		};
/* End XCConfigurationList section */
	};
	rootObject = 6A9F135F213BFAC600F9AEE4 /* Project object */;
}
